
Microsoft Visual Studio Solution File, Format Version 12.00
# Visual Studio 15
VisualStudioVersion = 15.0.28307.421
MinimumVisualStudioVersion = 10.0.40219.1
Project("{FAE04EC0-301F-11D3-BF4B-00C04F79EFBC}") = "ExampleWebApp", "ExampleWebApp\ExampleWebApp.csproj", "{AAE15F6A-BC51-44D7-8B50-6A1983C2C079}"
EndProject
Global
	GlobalSection(SolutionConfigurationPlatforms) = preSolution
		Debug|Any CPU = Debug|Any CPU
		Release|Any CPU = Release|Any CPU
	EndGlobalSection
	GlobalSection(ProjectConfigurationPlatforms) = postSolution
		{AAE15F6A-BC51-44D7-8B50-6A1983C2C079}.Debug|Any CPU.ActiveCfg = Debug|Any CPU
		{AAE15F6A-BC51-44D7-8B50-6A1983C2C079}.Debug|Any CPU.Build.0 = Debug|Any CPU
		{AAE15F6A-BC51-44D7-8B50-6A1983C2C079}.Release|Any CPU.ActiveCfg = Release|Any CPU
		{AAE15F6A-BC51-44D7-8B50-6A1983C2C079}.Release|Any CPU.Build.0 = Release|Any CPU
	EndGlobalSection
	GlobalSection(SolutionProperties) = preSolution
		HideSolutionNode = FALSE
	EndGlobalSection
	GlobalSection(ExtensibilityGlobals) = postSolution
		SolutionGuid = {4E6E7E8B-7EC3-42E4-9A0D-2F42641F3893}
	EndGlobalSection
EndGlobal
